// !$*UTF8*$!
{
	archiveVersion = 1;
	classes = {
	};
	objectVersion = 56;
	objects = {

/* Begin PBXBuildFile section */
		EAE2CEDD2A98A5CF0015A887 /* AppDelegate.swift in Sources */ = {isa = PBXBuildFile; fileRef = EAE2CEDC2A98A5CF0015A887 /* AppDelegate.swift */; };
		EAE2CEDF2A98A5CF0015A887 /* SceneDelegate.swift in Sources */ = {isa = PBXBuildFile; fileRef = EAE2CEDE2A98A5CF0015A887 /* SceneDelegate.swift */; };
		EAE2CEE12A98A5CF0015A887 /* ViewController.swift in Sources */ = {isa = PBXBuildFile; fileRef = EAE2CEE02A98A5CF0015A887 /* ViewController.swift */; };
		EAE2CEE42A98A5CF0015A887 /* Main.storyboard in Resources */ = {isa = PBXBuildFile; fileRef = EAE2CEE22A98A5CF0015A887 /* Main.storyboard */; };
		EAE2CEE72A98A5CF0015A887 /* AlzheimersReminder.xcdatamodeld in Sources */ = {isa = PBXBuildFile; fileRef = EAE2CEE52A98A5CF0015A887 /* AlzheimersReminder.xcdatamodeld */; };
		EAE2CEE92A98A5D10015A887 /* Assets.xcassets in Resources */ = {isa = PBXBuildFile; fileRef = EAE2CEE82A98A5D10015A887 /* Assets.xcassets */; };
		EAE2CEEC2A98A5D10015A887 /* LaunchScreen.storyboard in Resources */ = {isa = PBXBuildFile; fileRef = EAE2CEEA2A98A5D10015A887 /* LaunchScreen.storyboard */; };
		EAE2CEF42A98A7EC0015A887 /* DetailsVC.swift in Sources */ = {isa = PBXBuildFile; fileRef = EAE2CEF32A98A7EC0015A887 /* DetailsVC.swift */; };
/* End PBXBuildFile section */

/* Begin PBXFileReference section */
		EAE2CED92A98A5CF0015A887 /* AlzheimersReminder.app */ = {isa = PBXFileReference; explicitFileType = wrapper.application; includeInIndex = 0; path = AlzheimersReminder.app; sourceTree = BUILT_PRODUCTS_DIR; };
		EAE2CEDC2A98A5CF0015A887 /* AppDelegate.swift */ = {isa = PBXFileReference; lastKnownFileType = sourcecode.swift; path = AppDelegate.swift; sourceTree = "<group>"; };
		EAE2CEDE2A98A5CF0015A887 /* SceneDelegate.swift */ = {isa = PBXFileReference; lastKnownFileType = sourcecode.swift; path = SceneDelegate.swift; sourceTree = "<group>"; };
		EAE2CEE02A98A5CF0015A887 /* ViewController.swift */ = {isa = PBXFileReference; lastKnownFileType = sourcecode.swift; path = ViewController.swift; sourceTree = "<group>"; };
		EAE2CEE32A98A5CF0015A887 /* Base */ = {isa = PBXFileReference; lastKnownFileType = file.storyboard; name = Base; path = Base.lproj/Main.storyboard; sourceTree = "<group>"; };
		EAE2CEE62A98A5CF0015A887 /* AlzheimersReminder.xcdatamodel */ = {isa = PBXFileReference; lastKnownFileType = wrapper.xcdatamodel; path = AlzheimersReminder.xcdatamodel; sourceTree = "<group>"; };
		EAE2CEE82A98A5D10015A887 /* Assets.xcassets */ = {isa = PBXFileReference; lastKnownFileType = folder.assetcatalog; path = Assets.xcassets; sourceTree = "<group>"; };
		EAE2CEEB2A98A5D10015A887 /* Base */ = {isa = PBXFileReference; lastKnownFileType = file.storyboard; name = Base; path = Base.lproj/LaunchScreen.storyboard; sourceTree = "<group>"; };
		EAE2CEED2A98A5D10015A887 /* Info.plist */ = {isa = PBXFileReference; lastKnownFileType = text.plist.xml; path = Info.plist; sourceTree = "<group>"; };
		EAE2CEF32A98A7EC0015A887 /* DetailsVC.swift */ = {isa = PBXFileReference; lastKnownFileType = sourcecode.swift; path = DetailsVC.swift; sourceTree = "<group>"; };
/* End PBXFileReference section */

/* Begin PBXFrameworksBuildPhase section */
		EAE2CED62A98A5CF0015A887 /* Frameworks */ = {
			isa = PBXFrameworksBuildPhase;
			buildActionMask = 2147483647;
			files = (
			);
			runOnlyForDeploymentPostprocessing = 0;
		};
/* End PBXFrameworksBuildPhase section */

/* Begin PBXGroup section */
		EAE2CED02A98A5CF0015A887 = {
			isa = PBXGroup;
			children = (
				EAE2CEDB2A98A5CF0015A887 /* AlzheimersReminder */,
				EAE2CEDA2A98A5CF0015A887 /* Products */,
			);
			sourceTree = "<group>";
		};
		EAE2CEDA2A98A5CF0015A887 /* Products */ = {
			isa = PBXGroup;
			children = (
				EAE2CED92A98A5CF0015A887 /* AlzheimersReminder.app */,
			);
			name = Products;
			sourceTree = "<group>";
		};
		EAE2CEDB2A98A5CF0015A887 /* AlzheimersReminder */ = {
			isa = PBXGroup;
			children = (
				EAE2CEDC2A98A5CF0015A887 /* AppDelegate.swift */,
				EAE2CEDE2A98A5CF0015A887 /* SceneDelegate.swift */,
				EAE2CEE02A98A5CF0015A887 /* ViewController.swift */,
				EAE2CEF32A98A7EC0015A887 /* DetailsVC.swift */,
				EAE2CEE22A98A5CF0015A887 /* Main.storyboard */,
				EAE2CEE82A98A5D10015A887 /* Assets.xcassets */,
				EAE2CEEA2A98A5D10015A887 /* LaunchScreen.storyboard */,
				EAE2CEED2A98A5D10015A887 /* Info.plist */,
				EAE2CEE52A98A5CF0015A887 /* AlzheimersReminder.xcdatamodeld */,
			);
			path = AlzheimersReminder;
			sourceTree = "<group>";
		};
/* End PBXGroup section */

/* Begin PBXNativeTarget section */
		EAE2CED82A98A5CF0015A887 /* AlzheimersReminder */ = {
			isa = PBXNativeTarget;
			buildConfigurationList = EAE2CEF02A98A5D10015A887 /* Build configuration list for PBXNativeTarget "AlzheimersReminder" */;
			buildPhases = (
				EAE2CED52A98A5CF0015A887 /* Sources */,
				EAE2CED62A98A5CF0015A887 /* Frameworks */,
				EAE2CED72A98A5CF0015A887 /* Resources */,
			);
			buildRules = (
			);
			dependencies = (
			);
			name = AlzheimersReminder;
			productName = AlzheimersReminder;
			productReference = EAE2CED92A98A5CF0015A887 /* AlzheimersReminder.app */;
			productType = "com.apple.product-type.application";
		};
/* End PBXNativeTarget section */

/* Begin PBXProject section */
		EAE2CED12A98A5CF0015A887 /* Project object */ = {
			isa = PBXProject;
			attributes = {
				BuildIndependentTargetsInParallel = 1;
				LastSwiftUpdateCheck = 1430;
				LastUpgradeCheck = 1430;
				TargetAttributes = {
					EAE2CED82A98A5CF0015A887 = {
						CreatedOnToolsVersion = 14.3.1;
					};
				};
			};
			buildConfigurationList = EAE2CED42A98A5CF0015A887 /* Build configuration list for PBXProject "AlzheimersReminder" */;
			compatibilityVersion = "Xcode 14.0";
			developmentRegion = en;
			hasScannedForEncodings = 0;
			knownRegions = (
				en,
				Base,
			);
			mainGroup = EAE2CED02A98A5CF0015A887;
			productRefGroup = EAE2CEDA2A98A5CF0015A887 /* Products */;
			projectDirPath = "";
			projectRoot = "";
			targets = (
				EAE2CED82A98A5CF0015A887 /* AlzheimersReminder */,
			);
		};
/* End PBXProject section */

/* Begin PBXResourcesBuildPhase section */
		EAE2CED72A98A5CF0015A887 /* Resources */ = {
			isa = PBXResourcesBuildPhase;
			buildActionMask = 2147483647;
			files = (
				EAE2CEEC2A98A5D10015A887 /* LaunchScreen.storyboard in Resources */,
				EAE2CEE92A98A5D10015A887 /* Assets.xcassets in Resources */,
				EAE2CEE42A98A5CF0015A887 /* Main.storyboard in Resources */,
			);
			runOnlyForDeploymentPostprocessing = 0;
		};
/* End PBXResourcesBuildPhase section */

/* Begin PBXSourcesBuildPhase section */
		EAE2CED52A98A5CF0015A887 /* Sources */ = {
			isa = PBXSourcesBuildPhase;
			buildActionMask = 2147483647;
			files = (
				EAE2CEE12A98A5CF0015A887 /* ViewController.swift in Sources */,
				EAE2CEE72A98A5CF0015A887 /* AlzheimersReminder.xcdatamodeld in Sources */,
				EAE2CEDD2A98A5CF0015A887 /* AppDelegate.swift in Sources */,
				EAE2CEDF2A98A5CF0015A887 /* SceneDelegate.swift in Sources */,
				EAE2CEF42A98A7EC0015A887 /* DetailsVC.swift in Sources */,
			);
			runOnlyForDeploymentPostprocessing = 0;
		};
/* End PBXSourcesBuildPhase section */

/* Begin PBXVariantGroup section */
		EAE2CEE22A98A5CF0015A887 /* Main.storyboard */ = {
			isa = PBXVariantGroup;
			children = (
				EAE2CEE32A98A5CF0015A887 /* Base */,
			);
			name = Main.storyboard;
			sourceTree = "<group>";
		};
		EAE2CEEA2A98A5D10015A887 /* LaunchScreen.storyboard */ = {
			isa = PBXVariantGroup;
			children = (
				EAE2CEEB2A98A5D10015A887 /* Base */,
			);
			name = LaunchScreen.storyboard;
			sourceTree = "<group>";
		};
/* End PBXVariantGroup section */

/* Begin XCBuildConfiguration section */
		EAE2CEEE2A98A5D10015A887 /* Debug */ = {
			isa = XCBuildConfiguration;
			buildSettings = {
				ALWAYS_SEARCH_USER_PATHS = NO;
				CLANG_ANALYZER_NONNULL = YES;
				CLANG_ANALYZER_NUMBER_OBJECT_CONVERSION = YES_AGGRESSIVE;
				CLANG_CXX_LANGUAGE_STANDARD = "gnu++20";
				CLANG_ENABLE_MODULES = YES;
				CLANG_ENABLE_OBJC_ARC = YES;
				CLANG_ENABLE_OBJC_WEAK = YES;
				CLANG_WARN_BLOCK_CAPTURE_AUTORELEASING = YES;
				CLANG_WARN_BOOL_CONVERSION = YES;
				CLANG_WARN_COMMA = YES;
				CLANG_WARN_CONSTANT_CONVERSION = YES;
				CLANG_WARN_DEPRECATED_OBJC_IMPLEMENTATIONS = YES;
				CLANG_WARN_DIRECT_OBJC_ISA_USAGE = YES_ERROR;
				CLANG_WARN_DOCUMENTATION_COMMENTS = YES;
				CLANG_WARN_EMPTY_BODY = YES;
				CLANG_WARN_ENUM_CONVERSION = YES;
				CLANG_WARN_INFINITE_RECURSION = YES;
				CLANG_WARN_INT_CONVERSION = YES;
				CLANG_WARN_NON_LITERAL_NULL_CONVERSION = YES;
				CLANG_WARN_OBJC_IMPLICIT_RETAIN_SELF = YES;
				CLANG_WARN_OBJC_LITERAL_CONVERSION = YES;
				CLANG_WARN_OBJC_ROOT_CLASS = YES_ERROR;
				CLANG_WARN_QUOTED_INCLUDE_IN_FRAMEWORK_HEADER = YES;
				CLANG_WARN_RANGE_LOOP_ANALYSIS = YES;
				CLANG_WARN_STRICT_PROTOTYPES = YES;
				CLANG_WARN_SUSPICIOUS_MOVE = YES;
				CLANG_WARN_UNGUARDED_AVAILABILITY = YES_AGGRESSIVE;
				CLANG_WARN_UNREACHABLE_CODE = YES;
				CLANG_WARN__DUPLICATE_METHOD_MATCH = YES;
				COPY_PHASE_STRIP = NO;
				DEBUG_INFORMATION_FORMAT = dwarf;
				ENABLE_STRICT_OBJC_MSGSEND = YES;
				ENABLE_TESTABILITY = YES;
				GCC_C_LANGUAGE_STANDARD = gnu11;
				GCC_DYNAMIC_NO_PIC = NO;
				GCC_NO_COMMON_BLOCKS = YES;
				GCC_OPTIMIZATION_LEVEL = 0;
				GCC_PREPROCESSOR_DEFINITIONS = (
					"DEBUG=1",
					"$(inherited)",
				);
				GCC_WARN_64_TO_32_BIT_CONVERSION = YES;
				GCC_WARN_ABOUT_RETURN_TYPE = YES_ERROR;
				GCC_WARN_UNDECLARED_SELECTOR = YES;
				GCC_WARN_UNINITIALIZED_AUTOS = YES_AGGRESSIVE;
				GCC_WARN_UNUSED_FUNCTION = YES;
				GCC_WARN_UNUSED_VARIABLE = YES;
				IPHONEOS_DEPLOYMENT_TARGET = 16.4;
				MTL_ENABLE_DEBUG_INFO = INCLUDE_SOURCE;
				MTL_FAST_MATH = YES;
				ONLY_ACTIVE_ARCH = YES;
				SDKROOT = iphoneos;
				SWIFT_ACTIVE_COMPILATION_CONDITIONS = DEBUG;
				SWIFT_OPTIMIZATION_LEVEL = "-Onone";
			};
			name = Debug;
		};
		EAE2CEEF2A98A5D10015A887 /* Release */ = {
			isa = XCBuildConfiguration;
			buildSettings = {
				ALWAYS_SEARCH_USER_PATHS = NO;
				CLANG_ANALYZER_NONNULL = YES;
				CLANG_ANALYZER_NUMBER_OBJECT_CONVERSION = YES_AGGRESSIVE;
				CLANG_CXX_LANGUAGE_STANDARD = "gnu++20";
				CLANG_ENABLE_MODULES = YES;
				CLANG_ENABLE_OBJC_ARC = YES;
				CLANG_ENABLE_OBJC_WEAK = YES;
				CLANG_WARN_BLOCK_CAPTURE_AUTORELEASING = YES;
				CLANG_WARN_BOOL_CONVERSION = YES;
				CLANG_WARN_COMMA = YES;
				CLANG_WARN_CONSTANT_CONVERSION = YES;
				CLANG_WARN_DEPRECATED_OBJC_IMPLEMENTATIONS = YES;
				CLANG_WARN_DIRECT_OBJC_ISA_USAGE = YES_ERROR;
				CLANG_WARN_DOCUMENTATION_COMMENTS = YES;
				CLANG_WARN_EMPTY_BODY = YES;
				CLANG_WARN_ENUM_CONVERSION = YES;
				CLANG_WARN_INFINITE_RECURSION = YES;
				CLANG_WARN_INT_CONVERSION = YES;
				CLANG_WARN_NON_LITERAL_NULL_CONVERSION = YES;
				CLANG_WARN_OBJC_IMPLICIT_RETAIN_SELF = YES;
				CLANG_WARN_OBJC_LITERAL_CONVERSION = YES;
				CLANG_WARN_OBJC_ROOT_CLASS = YES_ERROR;
				CLANG_WARN_QUOTED_INCLUDE_IN_FRAMEWORK_HEADER = YES;
				CLANG_WARN_RANGE_LOOP_ANALYSIS = YES;
				CLANG_WARN_STRICT_PROTOTYPES = YES;
				CLANG_WARN_SUSPICIOUS_MOVE = YES;
				CLANG_WARN_UNGUARDED_AVAILABILITY = YES_AGGRESSIVE;
				CLANG_WARN_UNREACHABLE_CODE = YES;
				CLANG_WARN__DUPLICATE_METHOD_MATCH = YES;
				COPY_PHASE_STRIP = NO;
				DEBUG_INFORMATION_FORMAT = "dwarf-with-dsym";
				ENABLE_NS_ASSERTIONS = NO;
				ENABLE_STRICT_OBJC_MSGSEND = YES;
				GCC_C_LANGUAGE_STANDARD = gnu11;
				GCC_NO_COMMON_BLOCKS = YES;
				GCC_WARN_64_TO_32_BIT_CONVERSION = YES;
				GCC_WARN_ABOUT_RETURN_TYPE = YES_ERROR;
				GCC_WARN_UNDECLARED_SELECTOR = YES;
				GCC_WARN_UNINITIALIZED_AUTOS = YES_AGGRESSIVE;
				GCC_WARN_UNUSED_FUNCTION = YES;
				GCC_WARN_UNUSED_VARIABLE = YES;
				IPHONEOS_DEPLOYMENT_TARGET = 16.4;
				MTL_ENABLE_DEBUG_INFO = NO;
				MTL_FAST_MATH = YES;
				SDKROOT = iphoneos;
				SWIFT_COMPILATION_MODE = wholemodule;
				SWIFT_OPTIMIZATION_LEVEL = "-O";
				VALIDATE_PRODUCT = YES;
			};
			name = Release;
		};
		EAE2CEF12A98A5D10015A887 /* Debug */ = {
			isa = XCBuildConfiguration;
			buildSettings = {
				ASSETCATALOG_COMPILER_APPICON_NAME = AppIcon;
				ASSETCATALOG_COMPILER_GLOBAL_ACCENT_COLOR_NAME = AccentColor;
				CODE_SIGN_STYLE = Automatic;
				CURRENT_PROJECT_VERSION = 1;
				DEVELOPMENT_TEAM = 899LNTN484;
				GENERATE_INFOPLIST_FILE = YES;
				INFOPLIST_FILE = AlzheimersReminder/Info.plist;
				INFOPLIST_KEY_UIApplicationSupportsIndirectInputEvents = YES;
				INFOPLIST_KEY_UILaunchStoryboardName = LaunchScreen;
				INFOPLIST_KEY_UIMainStoryboardFile = Main;
				INFOPLIST_KEY_UISupportedInterfaceOrientations_iPad = "UIInterfaceOrientationPortrait UIInterfaceOrientationPortraitUpsideDown UIInterfaceOrientationLandscapeLeft UIInterfaceOrientationLandscapeRight";
				INFOPLIST_KEY_UISupportedInterfaceOrientations_iPhone = "UIInterfaceOrientationPortrait UIInterfaceOrientationLandscapeLeft UIInterfaceOrientationLandscapeRight";
				LD_RUNPATH_SEARCH_PATHS = (
					"$(inherited)",
					"@executable_path/Frameworks",
				);
				MARKETING_VERSION = 1.0;
				PRODUCT_BUNDLE_IDENTIFIER = beratridvanasilturk.AlzheimersReminder;
				PRODUCT_NAME = "$(TARGET_NAME)";
				SWIFT_EMIT_LOC_STRINGS = YES;
				SWIFT_VERSION = 5.0;
				TARGETED_DEVICE_FAMILY = "1,2";
			};
			name = Debug;
		};
		EAE2CEF22A98A5D10015A887 /* Release */ = {
			isa = XCBuildConfiguration;
			buildSettings = {
				ASSETCATALOG_COMPILER_APPICON_NAME = AppIcon;
				ASSETCATALOG_COMPILER_GLOBAL_ACCENT_COLOR_NAME = AccentColor;
				CODE_SIGN_STYLE = Automatic;
				CURRENT_PROJECT_VERSION = 1;
				DEVELOPMENT_TEAM = 899LNTN484;
				GENERATE_INFOPLIST_FILE = YES;
				INFOPLIST_FILE = AlzheimersReminder/Info.plist;
				INFOPLIST_KEY_UIApplicationSupportsIndirectInputEvents = YES;
				INFOPLIST_KEY_UILaunchStoryboardName = LaunchScreen;
				INFOPLIST_KEY_UIMainStoryboardFile = Main;
				INFOPLIST_KEY_UISupportedInterfaceOrientations_iPad = "UIInterfaceOrientationPortrait UIInterfaceOrientationPortraitUpsideDown UIInterfaceOrientationLandscapeLeft UIInterfaceOrientationLandscapeRight";
				INFOPLIST_KEY_UISupportedInterfaceOrientations_iPhone = "UIInterfaceOrientationPortrait UIInterfaceOrientationLandscapeLeft UIInterfaceOrientationLandscapeRight";
				LD_RUNPATH_SEARCH_PATHS = (
					"$(inherited)",
					"@executable_path/Frameworks",
				);
				MARKETING_VERSION = 1.0;
				PRODUCT_BUNDLE_IDENTIFIER = beratridvanasilturk.AlzheimersReminder;
				PRODUCT_NAME = "$(TARGET_NAME)";
				SWIFT_EMIT_LOC_STRINGS = YES;
				SWIFT_VERSION = 5.0;
				TARGETED_DEVICE_FAMILY = "1,2";
			};
			name = Release;
		};
/* End XCBuildConfiguration section */

/* Begin XCConfigurationList section */
		EAE2CED42A98A5CF0015A887 /* Build configuration list for PBXProject "AlzheimersReminder" */ = {
			isa = XCConfigurationList;
			buildConfigurations = (
				EAE2CEEE2A98A5D10015A887 /* Debug */,
				EAE2CEEF2A98A5D10015A887 /* Release */,
			);
			defaultConfigurationIsVisible = 0;
			defaultConfigurationName = Release;
		};
		EAE2CEF02A98A5D10015A887 /* Build configuration list for PBXNativeTarget "AlzheimersReminder" */ = {
			isa = XCConfigurationList;
			buildConfigurations = (
				EAE2CEF12A98A5D10015A887 /* Debug */,
				EAE2CEF22A98A5D10015A887 /* Release */,
			);
			defaultConfigurationIsVisible = 0;
			defaultConfigurationName = Release;
		};
/* End XCConfigurationList section */

/* Begin XCVersionGroup section */
		EAE2CEE52A98A5CF0015A887 /* AlzheimersReminder.xcdatamodeld */ = {
			isa = XCVersionGroup;
			children = (
				EAE2CEE62A98A5CF0015A887 /* AlzheimersReminder.xcdatamodel */,
			);
			currentVersion = EAE2CEE62A98A5CF0015A887 /* AlzheimersReminder.xcdatamodel */;
			path = AlzheimersReminder.xcdatamodeld;
			sourceTree = "<group>";
			versionGroupType = wrapper.xcdatamodel;
		};
/* End XCVersionGroup section */
	};
	rootObject = EAE2CED12A98A5CF0015A887 /* Project object */;
}
